// !$*UTF8*$!
{
	archiveVersion = 1;
	classes = {
	};
	objectVersion = 46;
	objects = {

/* Begin PBXBuildFile section */
		54943FE11562DBAD00DC5381 /* UIKit.framework in Frameworks */ = {isa = PBXBuildFile; fileRef = 54943FE01562DBAD00DC5381 /* UIKit.framework */; };
		54943FE31562DBAD00DC5381 /* Foundation.framework in Frameworks */ = {isa = PBXBuildFile; fileRef = 54943FE21562DBAD00DC5381 /* Foundation.framework */; };
		54943FE51562DBAD00DC5381 /* CoreGraphics.framework in Frameworks */ = {isa = PBXBuildFile; fileRef = 54943FE41562DBAD00DC5381 /* CoreGraphics.framework */; };
		54943FE71562DBAD00DC5381 /* CoreData.framework in Frameworks */ = {isa = PBXBuildFile; fileRef = 54943FE61562DBAD00DC5381 /* CoreData.framework */; };
		54943FED1562DBAD00DC5381 /* InfoPlist.strings in Resources */ = {isa = PBXBuildFile; fileRef = 54943FEB1562DBAD00DC5381 /* InfoPlist.strings */; };
		54943FEF1562DBAD00DC5381 /* main.m in Sources */ = {isa = PBXBuildFile; fileRef = 54943FEE1562DBAD00DC5381 /* main.m */; };
		54943FF31562DBAE00DC5381 /* PRGAppDelegate.m in Sources */ = {isa = PBXBuildFile; fileRef = 54943FF21562DBAE00DC5381 /* PRGAppDelegate.m */; };
		54943FF61562DBAE00DC5381 /* MainStoryboard_iPhone.storyboard in Resources */ = {isa = PBXBuildFile; fileRef = 54943FF41562DBAE00DC5381 /* MainStoryboard_iPhone.storyboard */; };
		54943FF91562DBAE00DC5381 /* MainStoryboard_iPad.storyboard in Resources */ = {isa = PBXBuildFile; fileRef = 54943FF71562DBAE00DC5381 /* MainStoryboard_iPad.storyboard */; };
		54943FFC1562DBAE00DC5381 /* cryptogram_ios.xcdatamodeld in Sources */ = {isa = PBXBuildFile; fileRef = 54943FFA1562DBAE00DC5381 /* cryptogram_ios.xcdatamodeld */; };
		54943FFF1562DBAE00DC5381 /* PRGMainViewController.m in Sources */ = {isa = PBXBuildFile; fileRef = 54943FFE1562DBAE00DC5381 /* PRGMainViewController.m */; };
		549440021562DBAE00DC5381 /* PRGFlipsideViewController.m in Sources */ = {isa = PBXBuildFile; fileRef = 549440011562DBAE00DC5381 /* PRGFlipsideViewController.m */; };
		5494400A1562DBAE00DC5381 /* SenTestingKit.framework in Frameworks */ = {isa = PBXBuildFile; fileRef = 549440091562DBAE00DC5381 /* SenTestingKit.framework */; };
		5494400B1562DBAE00DC5381 /* UIKit.framework in Frameworks */ = {isa = PBXBuildFile; fileRef = 54943FE01562DBAD00DC5381 /* UIKit.framework */; };
		5494400C1562DBAE00DC5381 /* Foundation.framework in Frameworks */ = {isa = PBXBuildFile; fileRef = 54943FE21562DBAD00DC5381 /* Foundation.framework */; };
		5494400D1562DBAE00DC5381 /* CoreData.framework in Frameworks */ = {isa = PBXBuildFile; fileRef = 54943FE61562DBAD00DC5381 /* CoreData.framework */; };
		549440151562DBAE00DC5381 /* InfoPlist.strings in Resources */ = {isa = PBXBuildFile; fileRef = 549440131562DBAE00DC5381 /* InfoPlist.strings */; };
		549440181562DBAE00DC5381 /* cryptogram_iosTests.m in Sources */ = {isa = PBXBuildFile; fileRef = 549440171562DBAE00DC5381 /* cryptogram_iosTests.m */; };
/* End PBXBuildFile section */

/* Begin PBXContainerItemProxy section */
		5494400E1562DBAE00DC5381 /* PBXContainerItemProxy */ = {
			isa = PBXContainerItemProxy;
			containerPortal = 54943FD31562DBAD00DC5381 /* Project object */;
			proxyType = 1;
			remoteGlobalIDString = 54943FDB1562DBAD00DC5381;
			remoteInfo = "cryptogram-ios";
		};
/* End PBXContainerItemProxy section */

/* Begin PBXFileReference section */
		54943FDC1562DBAD00DC5381 /* cryptogram-ios.app */ = {isa = PBXFileReference; explicitFileType = wrapper.application; includeInIndex = 0; path = "cryptogram-ios.app"; sourceTree = BUILT_PRODUCTS_DIR; };
		54943FE01562DBAD00DC5381 /* UIKit.framework */ = {isa = PBXFileReference; lastKnownFileType = wrapper.framework; name = UIKit.framework; path = System/Library/Frameworks/UIKit.framework; sourceTree = SDKROOT; };
		54943FE21562DBAD00DC5381 /* Foundation.framework */ = {isa = PBXFileReference; lastKnownFileType = wrapper.framework; name = Foundation.framework; path = System/Library/Frameworks/Foundation.framework; sourceTree = SDKROOT; };
		54943FE41562DBAD00DC5381 /* CoreGraphics.framework */ = {isa = PBXFileReference; lastKnownFileType = wrapper.framework; name = CoreGraphics.framework; path = System/Library/Frameworks/CoreGraphics.framework; sourceTree = SDKROOT; };
		54943FE61562DBAD00DC5381 /* CoreData.framework */ = {isa = PBXFileReference; lastKnownFileType = wrapper.framework; name = CoreData.framework; path = System/Library/Frameworks/CoreData.framework; sourceTree = SDKROOT; };
		54943FEA1562DBAD00DC5381 /* cryptogram-ios-Info.plist */ = {isa = PBXFileReference; path = "cryptogram-ios-Info.plist"; sourceTree = "<group>"; };
		54943FEC1562DBAD00DC5381 /* en */ = {isa = PBXFileReference; lastKnownFileType = text.plist.strings; name = en; path = en.lproj/InfoPlist.strings; sourceTree = "<group>"; };
		54943FEE1562DBAD00DC5381 /* main.m */ = {isa = PBXFileReference; lastKnownFileType = sourcecode.c.objc; path = main.m; sourceTree = "<group>"; };
		54943FF01562DBAD00DC5381 /* cryptogram-ios-Prefix.pch */ = {isa = PBXFileReference; path = "cryptogram-ios-Prefix.pch"; sourceTree = "<group>"; };
		54943FF11562DBAD00DC5381 /* PRGAppDelegate.h */ = {isa = PBXFileReference; path = PRGAppDelegate.h; sourceTree = "<group>"; };
		54943FF21562DBAE00DC5381 /* PRGAppDelegate.m */ = {isa = PBXFileReference; lastKnownFileType = sourcecode.c.objc; path = PRGAppDelegate.m; sourceTree = "<group>"; };
		54943FF51562DBAE00DC5381 /* en */ = {isa = PBXFileReference; lastKnownFileType = file.storyboard; name = en; path = en.lproj/MainStoryboard_iPhone.storyboard; sourceTree = "<group>"; };
		54943FF81562DBAE00DC5381 /* en */ = {isa = PBXFileReference; lastKnownFileType = file.storyboard; name = en; path = en.lproj/MainStoryboard_iPad.storyboard; sourceTree = "<group>"; };
		54943FFB1562DBAE00DC5381 /* cryptogram_ios.xcdatamodel */ = {isa = PBXFileReference; lastKnownFileType = wrapper.xcdatamodel; path = cryptogram_ios.xcdatamodel; sourceTree = "<group>"; };
		54943FFD1562DBAE00DC5381 /* PRGMainViewController.h */ = {isa = PBXFileReference; path = PRGMainViewController.h; sourceTree = "<group>"; };
		54943FFE1562DBAE00DC5381 /* PRGMainViewController.m */ = {isa = PBXFileReference; lastKnownFileType = sourcecode.c.objc; path = PRGMainViewController.m; sourceTree = "<group>"; };
		549440001562DBAE00DC5381 /* PRGFlipsideViewController.h */ = {isa = PBXFileReference; path = PRGFlipsideViewController.h; sourceTree = "<group>"; };
		549440011562DBAE00DC5381 /* PRGFlipsideViewController.m */ = {isa = PBXFileReference; lastKnownFileType = sourcecode.c.objc; path = PRGFlipsideViewController.m; sourceTree = "<group>"; };
		549440081562DBAE00DC5381 /* cryptogram-iosTests.octest */ = {isa = PBXFileReference; explicitFileType = wrapper.cfbundle; includeInIndex = 0; path = "cryptogram-iosTests.octest"; sourceTree = BUILT_PRODUCTS_DIR; };
		549440091562DBAE00DC5381 /* SenTestingKit.framework */ = {isa = PBXFileReference; lastKnownFileType = wrapper.framework; name = SenTestingKit.framework; path = Library/Frameworks/SenTestingKit.framework; sourceTree = DEVELOPER_DIR; };
		549440121562DBAE00DC5381 /* cryptogram-iosTests-Info.plist */ = {isa = PBXFileReference; path = "cryptogram-iosTests-Info.plist"; sourceTree = "<group>"; };
		549440141562DBAE00DC5381 /* en */ = {isa = PBXFileReference; lastKnownFileType = text.plist.strings; name = en; path = en.lproj/InfoPlist.strings; sourceTree = "<group>"; };
		549440161562DBAE00DC5381 /* cryptogram_iosTests.h */ = {isa = PBXFileReference; path = cryptogram_iosTests.h; sourceTree = "<group>"; };
		549440171562DBAE00DC5381 /* cryptogram_iosTests.m */ = {isa = PBXFileReference; lastKnownFileType = sourcecode.c.objc; path = cryptogram_iosTests.m; sourceTree = "<group>"; };
/* End PBXFileReference section */

/* Begin PBXFrameworksBuildPhase section */
		54943FD91562DBAD00DC5381 /* Frameworks */ = {
			isa = PBXFrameworksBuildPhase;
			buildActionMask = 2147483647;
			files = (
				54943FE11562DBAD00DC5381 /* UIKit.framework in Frameworks */,
				54943FE31562DBAD00DC5381 /* Foundation.framework in Frameworks */,
				54943FE51562DBAD00DC5381 /* CoreGraphics.framework in Frameworks */,
				54943FE71562DBAD00DC5381 /* CoreData.framework in Frameworks */,
			);
			runOnlyForDeploymentPostprocessing = 0;
		};
		549440041562DBAE00DC5381 /* Frameworks */ = {
			isa = PBXFrameworksBuildPhase;
			buildActionMask = 2147483647;
			files = (
				5494400A1562DBAE00DC5381 /* SenTestingKit.framework in Frameworks */,
				5494400B1562DBAE00DC5381 /* UIKit.framework in Frameworks */,
				5494400C1562DBAE00DC5381 /* Foundation.framework in Frameworks */,
				5494400D1562DBAE00DC5381 /* CoreData.framework in Frameworks */,
			);
			runOnlyForDeploymentPostprocessing = 0;
		};
/* End PBXFrameworksBuildPhase section */

/* Begin PBXGroup section */
		54943FD11562DBAD00DC5381 = {
			isa = PBXGroup;
			children = (
				54943FE81562DBAD00DC5381 /* cryptogram-ios */,
				549440101562DBAE00DC5381 /* cryptogram-iosTests */,
				54943FDF1562DBAD00DC5381 /* Frameworks */,
				54943FDD1562DBAD00DC5381 /* Products */,
			);
			sourceTree = "<group>";
		};
		54943FDD1562DBAD00DC5381 /* Products */ = {
			isa = PBXGroup;
			children = (
				54943FDC1562DBAD00DC5381 /* cryptogram-ios.app */,
				549440081562DBAE00DC5381 /* cryptogram-iosTests.octest */,
			);
			name = Products;
			sourceTree = "<group>";
		};
		54943FDF1562DBAD00DC5381 /* Frameworks */ = {
			isa = PBXGroup;
			children = (
				54943FE01562DBAD00DC5381 /* UIKit.framework */,
				54943FE21562DBAD00DC5381 /* Foundation.framework */,
				54943FE41562DBAD00DC5381 /* CoreGraphics.framework */,
				54943FE61562DBAD00DC5381 /* CoreData.framework */,
				549440091562DBAE00DC5381 /* SenTestingKit.framework */,
			);
			name = Frameworks;
			sourceTree = "<group>";
		};
		54943FE81562DBAD00DC5381 /* cryptogram-ios */ = {
			isa = PBXGroup;
			children = (
				54943FF11562DBAD00DC5381 /* PRGAppDelegate.h */,
				54943FF21562DBAE00DC5381 /* PRGAppDelegate.m */,
				54943FF41562DBAE00DC5381 /* MainStoryboard_iPhone.storyboard */,
				54943FF71562DBAE00DC5381 /* MainStoryboard_iPad.storyboard */,
				54943FFD1562DBAE00DC5381 /* PRGMainViewController.h */,
				54943FFE1562DBAE00DC5381 /* PRGMainViewController.m */,
				549440001562DBAE00DC5381 /* PRGFlipsideViewController.h */,
				549440011562DBAE00DC5381 /* PRGFlipsideViewController.m */,
				54943FFA1562DBAE00DC5381 /* cryptogram_ios.xcdatamodeld */,
				54943FE91562DBAD00DC5381 /* Supporting Files */,
			);
			path = "cryptogram-ios";
			sourceTree = "<group>";
		};
		54943FE91562DBAD00DC5381 /* Supporting Files */ = {
			isa = PBXGroup;
			children = (
				54943FEA1562DBAD00DC5381 /* cryptogram-ios-Info.plist */,
				54943FEB1562DBAD00DC5381 /* InfoPlist.strings */,
				54943FEE1562DBAD00DC5381 /* main.m */,
				54943FF01562DBAD00DC5381 /* cryptogram-ios-Prefix.pch */,
			);
			name = "Supporting Files";
			sourceTree = "<group>";
		};
		549440101562DBAE00DC5381 /* cryptogram-iosTests */ = {
			isa = PBXGroup;
			children = (
				549440161562DBAE00DC5381 /* cryptogram_iosTests.h */,
				549440171562DBAE00DC5381 /* cryptogram_iosTests.m */,
				549440111562DBAE00DC5381 /* Supporting Files */,
			);
			path = "cryptogram-iosTests";
			sourceTree = "<group>";
		};
		549440111562DBAE00DC5381 /* Supporting Files */ = {
			isa = PBXGroup;
			children = (
				549440121562DBAE00DC5381 /* cryptogram-iosTests-Info.plist */,
				549440131562DBAE00DC5381 /* InfoPlist.strings */,
			);
			name = "Supporting Files";
			sourceTree = "<group>";
		};
/* End PBXGroup section */

/* Begin PBXNativeTarget section */
		54943FDB1562DBAD00DC5381 /* cryptogram-ios */ = {
			isa = PBXNativeTarget;
			buildConfigurationList = 5494401B1562DBAE00DC5381 /* Build configuration list for PBXNativeTarget "cryptogram-ios" */;
			buildPhases = (
				54943FD81562DBAD00DC5381 /* Sources */,
				54943FD91562DBAD00DC5381 /* Frameworks */,
				54943FDA1562DBAD00DC5381 /* Resources */,
			);
			buildRules = (
			);
			dependencies = (
			);
			name = "cryptogram-ios";
			productName = "cryptogram-ios";
			productReference = 54943FDC1562DBAD00DC5381 /* cryptogram-ios.app */;
			productType = "com.apple.product-type.application";
		};
		549440071562DBAE00DC5381 /* cryptogram-iosTests */ = {
			isa = PBXNativeTarget;
			buildConfigurationList = 5494401E1562DBAE00DC5381 /* Build configuration list for PBXNativeTarget "cryptogram-iosTests" */;
			buildPhases = (
				549440031562DBAE00DC5381 /* Sources */,
				549440041562DBAE00DC5381 /* Frameworks */,
				549440051562DBAE00DC5381 /* Resources */,
				549440061562DBAE00DC5381 /* ShellScript */,
			);
			buildRules = (
			);
			dependencies = (
				5494400F1562DBAE00DC5381 /* PBXTargetDependency */,
			);
			name = "cryptogram-iosTests";
			productName = "cryptogram-iosTests";
			productReference = 549440081562DBAE00DC5381 /* cryptogram-iosTests.octest */;
			productType = "com.apple.product-type.bundle";
		};
/* End PBXNativeTarget section */

/* Begin PBXProject section */
		54943FD31562DBAD00DC5381 /* Project object */ = {
			isa = PBXProject;
			attributes = {
				CLASSPREFIX = PRG;
				LastUpgradeCheck = 0430;
				ORGANIZATIONNAME = NYU;
			};
			buildConfigurationList = 54943FD61562DBAD00DC5381 /* Build configuration list for PBXProject "cryptogram-ios" */;
			compatibilityVersion = "Xcode 3.2";
			developmentRegion = English;
			hasScannedForEncodings = 0;
			knownRegions = (
				en,
			);
			mainGroup = 54943FD11562DBAD00DC5381;
			productRefGroup = 54943FDD1562DBAD00DC5381 /* Products */;
			projectDirPath = "";
			projectRoot = "";
			targets = (
				54943FDB1562DBAD00DC5381 /* cryptogram-ios */,
				549440071562DBAE00DC5381 /* cryptogram-iosTests */,
			);
		};
/* End PBXProject section */

/* Begin PBXResourcesBuildPhase section */
		54943FDA1562DBAD00DC5381 /* Resources */ = {
			isa = PBXResourcesBuildPhase;
			buildActionMask = 2147483647;
			files = (
				54943FED1562DBAD00DC5381 /* InfoPlist.strings in Resources */,
				54943FF61562DBAE00DC5381 /* MainStoryboard_iPhone.storyboard in Resources */,
				54943FF91562DBAE00DC5381 /* MainStoryboard_iPad.storyboard in Resources */,
			);
			runOnlyForDeploymentPostprocessing = 0;
		};
		549440051562DBAE00DC5381 /* Resources */ = {
			isa = PBXResourcesBuildPhase;
			buildActionMask = 2147483647;
			files = (
				549440151562DBAE00DC5381 /* InfoPlist.strings in Resources */,
			);
			runOnlyForDeploymentPostprocessing = 0;
		};
/* End PBXResourcesBuildPhase section */

/* Begin PBXShellScriptBuildPhase section */
		549440061562DBAE00DC5381 /* ShellScript */ = {
			isa = PBXShellScriptBuildPhase;
			buildActionMask = 2147483647;
			files = (
			);
			inputPaths = (
			);
			outputPaths = (
			);
			runOnlyForDeploymentPostprocessing = 0;
			shellPath = /bin/sh;
			shellScript = "# Run the unit tests in this test bundle.\n\"${SYSTEM_DEVELOPER_DIR}/Tools/RunUnitTests\"\n";
		};
/* End PBXShellScriptBuildPhase section */

/* Begin PBXSourcesBuildPhase section */
		54943FD81562DBAD00DC5381 /* Sources */ = {
			isa = PBXSourcesBuildPhase;
			buildActionMask = 2147483647;
			files = (
				54943FEF1562DBAD00DC5381 /* main.m in Sources */,
				54943FF31562DBAE00DC5381 /* PRGAppDelegate.m in Sources */,
				54943FFC1562DBAE00DC5381 /* cryptogram_ios.xcdatamodeld in Sources */,
				54943FFF1562DBAE00DC5381 /* PRGMainViewController.m in Sources */,
				549440021562DBAE00DC5381 /* PRGFlipsideViewController.m in Sources */,
			);
			runOnlyForDeploymentPostprocessing = 0;
		};
		549440031562DBAE00DC5381 /* Sources */ = {
			isa = PBXSourcesBuildPhase;
			buildActionMask = 2147483647;
			files = (
				549440181562DBAE00DC5381 /* cryptogram_iosTests.m in Sources */,
			);
			runOnlyForDeploymentPostprocessing = 0;
		};
/* End PBXSourcesBuildPhase section */

/* Begin PBXTargetDependency section */
		5494400F1562DBAE00DC5381 /* PBXTargetDependency */ = {
			isa = PBXTargetDependency;
			target = 54943FDB1562DBAD00DC5381 /* cryptogram-ios */;
			targetProxy = 5494400E1562DBAE00DC5381 /* PBXContainerItemProxy */;
		};
/* End PBXTargetDependency section */

/* Begin PBXVariantGroup section */
		54943FEB1562DBAD00DC5381 /* InfoPlist.strings */ = {
			isa = PBXVariantGroup;
			children = (
				54943FEC1562DBAD00DC5381 /* en */,
			);
			name = InfoPlist.strings;
			sourceTree = "<group>";
		};
		54943FF41562DBAE00DC5381 /* MainStoryboard_iPhone.storyboard */ = {
			isa = PBXVariantGroup;
			children = (
				54943FF51562DBAE00DC5381 /* en */,
			);
			name = MainStoryboard_iPhone.storyboard;
			sourceTree = "<group>";
		};
		54943FF71562DBAE00DC5381 /* MainStoryboard_iPad.storyboard */ = {
			isa = PBXVariantGroup;
			children = (
				54943FF81562DBAE00DC5381 /* en */,
			);
			name = MainStoryboard_iPad.storyboard;
			sourceTree = "<group>";
		};
		549440131562DBAE00DC5381 /* InfoPlist.strings */ = {
			isa = PBXVariantGroup;
			children = (
				549440141562DBAE00DC5381 /* en */,
			);
			name = InfoPlist.strings;
			sourceTree = "<group>";
		};
/* End PBXVariantGroup section */

/* Begin XCBuildConfiguration section */
		549440191562DBAE00DC5381 /* Debug */ = {
			isa = XCBuildConfiguration;
			buildSettings = {
				ALWAYS_SEARCH_USER_PATHS = NO;
				ARCHS = "$(ARCHS_STANDARD_32_BIT)";
				CLANG_ENABLE_OBJC_ARC = YES;
				"CODE_SIGN_IDENTITY[sdk=iphoneos*]" = "iPhone Developer";
				COPY_PHASE_STRIP = NO;
				GCC_C_LANGUAGE_STANDARD = gnu99;
				GCC_DYNAMIC_NO_PIC = NO;
				GCC_OPTIMIZATION_LEVEL = 0;
				GCC_PREPROCESSOR_DEFINITIONS = (
					"DEBUG=1",
					"$(inherited)",
				);
				GCC_SYMBOLS_PRIVATE_EXTERN = NO;
				GCC_VERSION = com.apple.compilers.llvm.clang.1_0;
				GCC_WARN_ABOUT_RETURN_TYPE = YES;
				GCC_WARN_UNINITIALIZED_AUTOS = YES;
				GCC_WARN_UNUSED_VARIABLE = YES;
				IPHONEOS_DEPLOYMENT_TARGET = 5.1;
				SDKROOT = iphoneos;
				TARGETED_DEVICE_FAMILY = "1,2";
			};
			name = Debug;
		};
		5494401A1562DBAE00DC5381 /* Release */ = {
			isa = XCBuildConfiguration;
			buildSettings = {
				ALWAYS_SEARCH_USER_PATHS = NO;
				ARCHS = "$(ARCHS_STANDARD_32_BIT)";
				CLANG_ENABLE_OBJC_ARC = YES;
				"CODE_SIGN_IDENTITY[sdk=iphoneos*]" = "iPhone Developer";
				COPY_PHASE_STRIP = YES;
				GCC_C_LANGUAGE_STANDARD = gnu99;
				GCC_VERSION = com.apple.compilers.llvm.clang.1_0;
				GCC_WARN_ABOUT_RETURN_TYPE = YES;
				GCC_WARN_UNINITIALIZED_AUTOS = YES;
				GCC_WARN_UNUSED_VARIABLE = YES;
				IPHONEOS_DEPLOYMENT_TARGET = 5.1;
				OTHER_CFLAGS = "-DNS_BLOCK_ASSERTIONS=1";
				SDKROOT = iphoneos;
				TARGETED_DEVICE_FAMILY = "1,2";
				VALIDATE_PRODUCT = YES;
			};
			name = Release;
		};
		5494401C1562DBAE00DC5381 /* Debug */ = {
			isa = XCBuildConfiguration;
			buildSettings = {
				GCC_PRECOMPILE_PREFIX_HEADER = YES;
				GCC_PREFIX_HEADER = "cryptogram-ios/cryptogram-ios-Prefix.pch";
				INFOPLIST_FILE = "cryptogram-ios/cryptogram-ios-Info.plist";
				PRODUCT_NAME = "$(TARGET_NAME)";
				WRAPPER_EXTENSION = app;
			};
			name = Debug;
		};
		5494401D1562DBAE00DC5381 /* Release */ = {
			isa = XCBuildConfiguration;
			buildSettings = {
				GCC_PRECOMPILE_PREFIX_HEADER = YES;
				GCC_PREFIX_HEADER = "cryptogram-ios/cryptogram-ios-Prefix.pch";
				INFOPLIST_FILE = "cryptogram-ios/cryptogram-ios-Info.plist";
				PRODUCT_NAME = "$(TARGET_NAME)";
				WRAPPER_EXTENSION = app;
			};
			name = Release;
		};
		5494401F1562DBAE00DC5381 /* Debug */ = {
			isa = XCBuildConfiguration;
			buildSettings = {
				BUNDLE_LOADER = "$(BUILT_PRODUCTS_DIR)/cryptogram-ios.app/cryptogram-ios";
				FRAMEWORK_SEARCH_PATHS = (
					"$(SDKROOT)/Developer/Library/Frameworks",
					"$(DEVELOPER_LIBRARY_DIR)/Frameworks",
				);
				GCC_PRECOMPILE_PREFIX_HEADER = YES;
				GCC_PREFIX_HEADER = "cryptogram-ios/cryptogram-ios-Prefix.pch";
				INFOPLIST_FILE = "cryptogram-iosTests/cryptogram-iosTests-Info.plist";
				PRODUCT_NAME = "$(TARGET_NAME)";
				TEST_HOST = "$(BUNDLE_LOADER)";
				WRAPPER_EXTENSION = octest;
			};
			name = Debug;
		};
		549440201562DBAE00DC5381 /* Release */ = {
			isa = XCBuildConfiguration;
			buildSettings = {
				BUNDLE_LOADER = "$(BUILT_PRODUCTS_DIR)/cryptogram-ios.app/cryptogram-ios";
				FRAMEWORK_SEARCH_PATHS = (
					"$(SDKROOT)/Developer/Library/Frameworks",
					"$(DEVELOPER_LIBRARY_DIR)/Frameworks",
				);
				GCC_PRECOMPILE_PREFIX_HEADER = YES;
				GCC_PREFIX_HEADER = "cryptogram-ios/cryptogram-ios-Prefix.pch";
				INFOPLIST_FILE = "cryptogram-iosTests/cryptogram-iosTests-Info.plist";
				PRODUCT_NAME = "$(TARGET_NAME)";
				TEST_HOST = "$(BUNDLE_LOADER)";
				WRAPPER_EXTENSION = octest;
			};
			name = Release;
		};
/* End XCBuildConfiguration section */

/* Begin XCConfigurationList section */
		54943FD61562DBAD00DC5381 /* Build configuration list for PBXProject "cryptogram-ios" */ = {
			isa = XCConfigurationList;
			buildConfigurations = (
				549440191562DBAE00DC5381 /* Debug */,
				5494401A1562DBAE00DC5381 /* Release */,
			);
			defaultConfigurationIsVisible = 0;
			defaultConfigurationName = Release;
		};
		5494401B1562DBAE00DC5381 /* Build configuration list for PBXNativeTarget "cryptogram-ios" */ = {
			isa = XCConfigurationList;
			buildConfigurations = (
				5494401C1562DBAE00DC5381 /* Debug */,
				5494401D1562DBAE00DC5381 /* Release */,
			);
			defaultConfigurationIsVisible = 0;
		};
		5494401E1562DBAE00DC5381 /* Build configuration list for PBXNativeTarget "cryptogram-iosTests" */ = {
			isa = XCConfigurationList;
			buildConfigurations = (
				5494401F1562DBAE00DC5381 /* Debug */,
				549440201562DBAE00DC5381 /* Release */,
			);
			defaultConfigurationIsVisible = 0;
		};
/* End XCConfigurationList section */

/* Begin XCVersionGroup section */
		54943FFA1562DBAE00DC5381 /* cryptogram_ios.xcdatamodeld */ = {
			isa = XCVersionGroup;
			children = (
				54943FFB1562DBAE00DC5381 /* cryptogram_ios.xcdatamodel */,
			);
			currentVersion = 54943FFB1562DBAE00DC5381 /* cryptogram_ios.xcdatamodel */;
			path = cryptogram_ios.xcdatamodeld;
			sourceTree = "<group>";
			versionGroupType = wrapper.xcdatamodel;
		};
/* End XCVersionGroup section */
	};
	rootObject = 54943FD31562DBAD00DC5381 /* Project object */;
}
